[[package]]
name = "argparse"
version = "1.4.0"
description = "Python command-line parsing library"
category = "main"
optional = false
python-versions = "*"

[[package]]
name = "datetime"
version = "4.7"
description = "This package provides a DateTime data type, as known from Zope. Unless you need to communicate with Zope APIs, you're probably better off using Python's built-in datetime module."
category = "main"
optional = false
python-versions = "*"

[package.dependencies]
pytz = "*"
"zope.interface" = "*"

[[package]]
name = "flake9"
version = "3.8.3.post2"
description = "the modular source code checker: pep8 pyflakes and co"
category = "dev"
optional = false
python-versions = ">=3.4"

[package.dependencies]
mccabe = ">=0.6.0,<0.7.0"
pycodestyle = ">=2.6.0a1,<2.7.0"
pyflakes = ">=2.2.0,<2.3.0"

[[package]]
name = "mccabe"
version = "0.6.1"
description = "McCabe checker, plugin for flake8"
category = "dev"
optional = false
python-versions = "*"

[[package]]
name = "pathlib"
version = "1.0.1"
description = "Object-oriented filesystem paths"
category = "main"
optional = false
python-versions = "*"

[[package]]
name = "psycopg"
version = "3.1.3"
description = "PostgreSQL database adapter for Python"
category = "main"
optional = false
python-versions = ">=3.7"

[package.dependencies]
typing-extensions = {version = ">=4.1", markers = "python_version < \"3.11\""}
tzdata = {version = "*", markers = "sys_platform == \"win32\""}

[package.extras]
binary = ["psycopg-binary (==3.1.3)"]
c = ["psycopg-c (==3.1.3)"]
dev = ["black (>=22.3.0)", "dnspython (>=2.1)", "flake8 (>=4.0)", "mypy (>=0.981)", "types-setuptools (>=57.4)", "wheel (>=0.37)"]
docs = ["Sphinx (>=5.0)", "furo (==2022.6.21)", "sphinx-autobuild (>=2021.3.14)", "sphinx-autodoc-typehints (>=1.12)"]
pool = ["psycopg-pool"]
test = ["mypy (>=0.981)", "pproxy (>=2.7)", "pytest (>=6.2.5)", "pytest-asyncio (>=0.17)", "pytest-cov (>=3.0)", "pytest-randomly (>=3.10)"]

[[package]]
name = "pycodestyle"
version = "2.6.0"
description = "Python style guide checker"
category = "dev"
optional = false
python-versions = ">=2.7, !=3.0.*, !=3.1.*, !=3.2.*, !=3.3.*"

[[package]]
name = "pyflakes"
version = "2.2.0"
description = "passive checker of Python programs"
category = "dev"
optional = false
python-versions = ">=2.7, !=3.0.*, !=3.1.*, !=3.2.*, !=3.3.*"

[[package]]
name = "pyserial"
version = "3.5"
description = "Python Serial Port Extension"
category = "main"
optional = false
python-versions = "*"

[package.extras]
cp2110 = ["hidapi"]

[[package]]
name = "pytz"
version = "2022.6"
description = "World timezone definitions, modern and historical"
category = "main"
optional = false
python-versions = "*"

[[package]]
name = "pytz-deprecation-shim"
version = "0.1.0.post0"
description = "Shims to make deprecation of pytz easier"
category = "main"
optional = false
python-versions = "!=3.0.*,!=3.1.*,!=3.2.*,!=3.3.*,!=3.4.*,!=3.5.*,>=2.7"

[package.dependencies]
tzdata = {version = "*", markers = "python_version >= \"3.6\""}

[[package]]
name = "pyupgrade"
version = "2.38.4"
description = "A tool to automatically upgrade syntax for newer versions."
category = "dev"
optional = false
python-versions = ">=3.7"

[package.dependencies]
tokenize-rt = "<5"

[[package]]
name = "smllib"
version = "1.2"
description = "A library for the SML (Smart Message Language) protocol"
category = "main"
optional = false
python-versions = "*"

[[package]]
name = "tokenize-rt"
version = "4.2.1"
description = "A wrapper around the stdlib `tokenize` which roundtrips."
category = "dev"
optional = false
python-versions = ">=3.6.1"

[[package]]
name = "typing-extensions"
version = "4.4.0"
description = "Backported and Experimental Type Hints for Python 3.7+"
category = "main"
optional = false
python-versions = ">=3.7"

[[package]]
name = "tzdata"
version = "2022.5"
description = "Provider of IANA time zone data"
category = "main"
optional = false
python-versions = ">=2"

[[package]]
name = "tzlocal"
version = "4.2"
description = "tzinfo object for the local timezone"
category = "main"
optional = false
python-versions = ">=3.6"

[package.dependencies]
pytz-deprecation-shim = "*"
tzdata = {version = "*", markers = "platform_system == \"Windows\""}

[package.extras]
devenv = ["black", "pyroma", "pytest-cov", "zest.releaser"]
test = ["pytest (>=4.3)", "pytest-mock (>=3.3)"]

[[package]]
name = "zope.interface"
version = "5.5.1"
description = "Interfaces for Python"
category = "main"
optional = false
python-versions = ">=2.7, !=3.0.*, !=3.1.*, !=3.2.*, !=3.3.*, !=3.4.*"

[package.extras]
docs = ["repoze.sphinx.autointerface", "sphinx"]
test = ["coverage (>=5.0.3)", "zope.event", "zope.testing"]
testing = ["coverage (>=5.0.3)", "zope.event", "zope.testing"]

[metadata]
lock-version = "1.1"
python-versions = "^3.9"
content-hash = "9fd4696869f446563782c2af2b6193f1e83b2be901a697307f0f089ee7649371"

[metadata.files]
argparse = [
    {file = "argparse-1.4.0-py2.py3-none-any.whl", hash = "sha256:c31647edb69fd3d465a847ea3157d37bed1f95f19760b11a47aa91c04b666314"},
    {file = "argparse-1.4.0.tar.gz", hash = "sha256:62b089a55be1d8949cd2bc7e0df0bddb9e028faefc8c32038cc84862aefdd6e4"},
]
datetime = [
    {file = "DateTime-4.7-py2.py3-none-any.whl", hash = "sha256:b8d2d605cfb5fed0da86f9ad64d0973c6f84b21939d49265e135811b33ee8113"},
    {file = "DateTime-4.7.tar.gz", hash = "sha256:7ff7c4a857f08b73db17a85fc54f102d065ad16e7db0133e699c5f1b37e41478"},
]
flake9 = [
    {file = "flake9-3.8.3.post2-py3-none-any.whl", hash = "sha256:47dced969a802a8892740bcaa35ae07232709b2ade803c45f48dd03ccb7f825f"},
    {file = "flake9-3.8.3.post2.tar.gz", hash = "sha256:daefdbfb3d320eb215a4a52c62a4b4a027cbe11d39f5dab30df908b40fce5ba7"},
]
mccabe = [
    {file = "mccabe-0.6.1-py2.py3-none-any.whl", hash = "sha256:ab8a6258860da4b6677da4bd2fe5dc2c659cff31b3ee4f7f5d64e79735b80d42"},
    {file = "mccabe-0.6.1.tar.gz", hash = "sha256:dd8d182285a0fe56bace7f45b5e7d1a6ebcbf524e8f3bd87eb0f125271b8831f"},
]
pathlib = [
    {file = "pathlib-1.0.1-py3-none-any.whl", hash = "sha256:f35f95ab8b0f59e6d354090350b44a80a80635d22efdedfa84c7ad1cf0a74147"},
    {file = "pathlib-1.0.1.tar.gz", hash = "sha256:6940718dfc3eff4258203ad5021090933e5c04707d5ca8cc9e73c94a7894ea9f"},
]
psycopg = [
    {file = "psycopg-3.1.3-py3-none-any.whl", hash = "sha256:5d19e5d10c44fd858cfb72761635200f836847df0a07cb97c3aa5df264b1379d"},
    {file = "psycopg-3.1.3.tar.gz", hash = "sha256:d2c7c012e62083f800f9eb5eef849d5ed89940c3b31081d420279598f34c647e"},
]
pycodestyle = [
    {file = "pycodestyle-2.6.0-py2.py3-none-any.whl", hash = "sha256:2295e7b2f6b5bd100585ebcb1f616591b652db8a741695b3d8f5d28bdc934367"},
    {file = "pycodestyle-2.6.0.tar.gz", hash = "sha256:c58a7d2815e0e8d7972bf1803331fb0152f867bd89adf8a01dfd55085434192e"},
]
pyflakes = [
    {file = "pyflakes-2.2.0-py2.py3-none-any.whl", hash = "sha256:0d94e0e05a19e57a99444b6ddcf9a6eb2e5c68d3ca1e98e90707af8152c90a92"},
    {file = "pyflakes-2.2.0.tar.gz", hash = "sha256:35b2d75ee967ea93b55750aa9edbbf72813e06a66ba54438df2cfac9e3c27fc8"},
]
pyserial = [
    {file = "pyserial-3.5-py2.py3-none-any.whl", hash = "sha256:c4451db6ba391ca6ca299fb3ec7bae67a5c55dde170964c7a14ceefec02f2cf0"},
    {file = "pyserial-3.5.tar.gz", hash = "sha256:3c77e014170dfffbd816e6ffc205e9842efb10be9f58ec16d3e8675b4925cddb"},
]
pytz = [
    {file = "pytz-2022.6-py2.py3-none-any.whl", hash = "sha256:222439474e9c98fced559f1709d89e6c9cbf8d79c794ff3eb9f8800064291427"},
    {file = "pytz-2022.6.tar.gz", hash = "sha256:e89512406b793ca39f5971bc999cc538ce125c0e51c27941bef4568b460095e2"},
]
pytz-deprecation-shim = [
    {file = "pytz_deprecation_shim-0.1.0.post0-py2.py3-none-any.whl", hash = "sha256:8314c9692a636c8eb3bda879b9f119e350e93223ae83e70e80c31675a0fdc1a6"},
    {file = "pytz_deprecation_shim-0.1.0.post0.tar.gz", hash = "sha256:af097bae1b616dde5c5744441e2ddc69e74dfdcb0c263129610d85b87445a59d"},
]
pyupgrade = [
    {file = "pyupgrade-2.38.4-py2.py3-none-any.whl", hash = "sha256:944ff993c396ddc2b9012eb3de4cda138eb4c149b22c6c560d4c8bfd0e180982"},
    {file = "pyupgrade-2.38.4.tar.gz", hash = "sha256:1eb43a49f416752929741ba4d706bf3f33593d3cac9bdc217fc1ef55c047c1f4"},
]
smllib = [
    {file = "smllib-1.2-py3-none-any.whl", hash = "sha256:2079d501a426c97f2bdfea07247d861af9ba6b231f9e9b2c3448713239952533"},
    {file = "smllib-1.2.tar.gz", hash = "sha256:f7a202f45e7f9d8cc8fab250c084fce047715dbbaefe60498fc9d2b125e5a22f"},
]
tokenize-rt = [
    {file = "tokenize_rt-4.2.1-py2.py3-none-any.whl", hash = "sha256:08a27fa032a81cf45e8858d0ac706004fcd523e8463415ddf1442be38e204ea8"},
    {file = "tokenize_rt-4.2.1.tar.gz", hash = "sha256:0d4f69026fed520f8a1e0103aa36c406ef4661417f20ca643f913e33531b3b94"},
]
typing-extensions = [
    {file = "typing_extensions-4.4.0-py3-none-any.whl", hash = "sha256:16fa4864408f655d35ec496218b85f79b3437c829e93320c7c9215ccfd92489e"},
    {file = "typing_extensions-4.4.0.tar.gz", hash = "sha256:1511434bb92bf8dd198c12b1cc812e800d4181cfcb867674e0f8279cc93087aa"},
]
tzdata = [
    {file = "tzdata-2022.5-py2.py3-none-any.whl", hash = "sha256:323161b22b7802fdc78f20ca5f6073639c64f1a7227c40cd3e19fd1d0ce6650a"},
    {file = "tzdata-2022.5.tar.gz", hash = "sha256:e15b2b3005e2546108af42a0eb4ccab4d9e225e2dfbf4f77aad50c70a4b1f3ab"},
]
tzlocal = [
    {file = "tzlocal-4.2-py3-none-any.whl", hash = "sha256:89885494684c929d9191c57aa27502afc87a579be5cdd3225c77c463ea043745"},
    {file = "tzlocal-4.2.tar.gz", hash = "sha256:ee5842fa3a795f023514ac2d801c4a81d1743bbe642e3940143326b3a00addd7"},
]
"zope.interface" = [
    {file = "zope.interface-5.5.1-cp27-cp27m-macosx_10_14_x86_64.whl", hash = "sha256:dd4b9251e95020c3d5d104b528dbf53629d09c146ce9c8dfaaf8f619ae1cce35"},
    {file = "zope.interface-5.5.1-cp27-cp27m-win32.whl", hash = "sha256:061a41a3f96f076686d7f1cb87f3deec6f0c9f0325dcc054ac7b504ae9bb0d82"},
    {file = "zope.interface-5.5.1-cp27-cp27m-win_amd64.whl", hash = "sha256:7f2e4ebe0a000c5727ee04227cf0ff5ae612fe599f88d494216e695b1dac744d"},
    {file = "zope.interface-5.5.1-cp310-cp310-macosx_11_0_x86_64.whl", hash = "sha256:c9552ee9e123b7997c7630fb95c466ee816d19e721c67e4da35351c5f4032726"},
    {file = "zope.interface-5.5.1-cp310-cp310-manylinux_2_17_aarch64.manylinux2014_aarch64.whl", hash = "sha256:e6a923d2dec50f2b4d41ce198af3516517f2e458220942cf393839d2f9e22000"},
    {file = "zope.interface-5.5.1-cp310-cp310-manylinux_2_5_i686.manylinux1_i686.manylinux_2_12_i686.manylinux2010_i686.whl", hash = "sha256:a20fc9cccbda2a28e8db8cabf2f47fead7e9e49d317547af6bf86a7269e4b9a1"},
    {file = "zope.interface-5.5.1-cp310-cp310-manylinux_2_5_x86_64.manylinux1_x86_64.manylinux_2_12_x86_64.manylinux2010_x86_64.whl", hash = "sha256:a6f51ffbdcf865f140f55c484001415505f5e68eb0a9eab1d37d0743b503b423"},
    {file = "zope.interface-5.5.1-cp310-cp310-win32.whl", hash = "sha256:8de7bde839d72d96e0c92e8d1fdb4862e89b8fc52514d14b101ca317d9bcf87c"},
    {file = "zope.interface-5.5.1-cp310-cp310-win_amd64.whl", hash = "sha256:90f611d4cdf82fb28837fe15c3940255755572a4edf4c72e2306dbce7dcb3092"},
    {file = "zope.interface-5.5.1-cp311-cp311-manylinux_2_17_aarch64.manylinux2014_aarch64.whl", hash = "sha256:489c4c46fcbd9364f60ff0dcb93ec9026eca64b2f43dc3b05d0724092f205e27"},
    {file = "zope.interface-5.5.1-cp311-cp311-win32.whl", hash = "sha256:9ad58724fabb429d1ebb6f334361f0a3b35f96be0e74bfca6f7de8530688b2df"},
    {file = "zope.interface-5.5.1-cp311-cp311-win_amd64.whl", hash = "sha256:a69f6d8b639f2317ba54278b64fef51d8250ad2c87acac1408b9cc461e4d6bb6"},
    {file = "zope.interface-5.5.1-cp35-cp35m-win32.whl", hash = "sha256:d743b03a72fefed807a4512c079fb1aa5e7777036cc7a4b6ff79ae4650a14f73"},
    {file = "zope.interface-5.5.1-cp35-cp35m-win_amd64.whl", hash = "sha256:3e42b1c3f4fd863323a8275c52c78681281a8f2e1790f0e869d911c1c7b25c46"},
    {file = "zope.interface-5.5.1-cp36-cp36m-macosx_10_14_x86_64.whl", hash = "sha256:7b4547a2f624a537e90fb99cec4d8b3b6be4af3f449c3477155aae65396724ad"},
    {file = "zope.interface-5.5.1-cp36-cp36m-manylinux_2_17_aarch64.manylinux2014_aarch64.whl", hash = "sha256:59a96d499ff6faa9b85b1309f50bf3744eb786e24833f7b500cbb7052dc4ae29"},
    {file = "zope.interface-5.5.1-cp36-cp36m-manylinux_2_5_i686.manylinux1_i686.manylinux_2_12_i686.manylinux2010_i686.whl", hash = "sha256:3c293c5c0e1cabe59c33e0d02fcee5c3eb365f79a20b8199a26ca784e406bd0d"},
    {file = "zope.interface-5.5.1-cp36-cp36m-manylinux_2_5_x86_64.manylinux1_x86_64.manylinux_2_12_x86_64.manylinux2010_x86_64.whl", hash = "sha256:e8c8764226daad39004b7873c3880eb4860c594ff549ea47c045cdf313e1bad5"},
    {file = "zope.interface-5.5.1-cp36-cp36m-win32.whl", hash = "sha256:4477930451521ac7da97cc31d49f7b83086d5ae76e52baf16aac659053119f6d"},
    {file = "zope.interface-5.5.1-cp36-cp36m-win_amd64.whl", hash = "sha256:27c53aa2f46d42940ccdcb015fd525a42bf73f94acd886296794a41f229d5946"},
    {file = "zope.interface-5.5.1-cp37-cp37m-macosx_10_15_x86_64.whl", hash = "sha256:2204a9d545fdbe0d9b0bf4d5e2fc67e7977de59666f7131c1433fde292fc3b41"},
    {file = "zope.interface-5.5.1-cp37-cp37m-manylinux_2_17_aarch64.manylinux2014_aarch64.whl", hash = "sha256:475b6e371cdbeb024f2302e826222bdc202186531f6dc095e8986c034e4b7961"},
    {file = "zope.interface-5.5.1-cp37-cp37m-manylinux_2_5_i686.manylinux1_i686.manylinux_2_12_i686.manylinux2010_i686.whl", hash = "sha256:a1393229c9c126dd1b4356338421e8882347347ab6fe3230cb7044edc813e424"},
    {file = "zope.interface-5.5.1-cp37-cp37m-manylinux_2_5_x86_64.manylinux1_x86_64.manylinux_2_12_x86_64.manylinux2010_x86_64.whl", hash = "sha256:e4988d94962f517f6da2d52337170b84856905b31b7dc504ed9c7b7e4bab2fc3"},
    {file = "zope.interface-5.5.1-cp37-cp37m-win32.whl", hash = "sha256:0eda7f61da6606a28b5efa5d8ad79b4b5bb242488e53a58993b2ec46c924ffee"},
    {file = "zope.interface-5.5.1-cp37-cp37m-win_amd64.whl", hash = "sha256:185f0faf6c3d8f2203e8755f7ca16b8964d97da0abde89c367177a04e36f2568"},
    {file = "zope.interface-5.5.1-cp38-cp38-macosx_10_15_x86_64.whl", hash = "sha256:026e7da51147910435950a46c55159d68af319f6e909f14873d35d411f4961db"},
    {file = "zope.interface-5.5.1-cp38-cp38-manylinux_2_17_aarch64.manylinux2014_aarch64.whl", hash = "sha256:58331d2766e8e409360154d3178449d116220348d46386430097e63d02a1b6d2"},
    {file = "zope.interface-5.5.1-cp38-cp38-manylinux_2_5_i686.manylinux1_i686.manylinux_2_12_i686.manylinux2010_i686.whl", hash = "sha256:d0587d238b7867544134f4dcca19328371b8fd03fc2c56d15786f410792d0a68"},
    {file = "zope.interface-5.5.1-cp38-cp38-manylinux_2_5_x86_64.manylinux1_x86_64.manylinux_2_12_x86_64.manylinux2010_x86_64.whl", hash = "sha256:cd423d49abcf0ebf02c29c3daffe246ff756addb891f8aab717b3a4e2e1fd675"},
    {file = "zope.interface-5.5.1-cp38-cp38-win32.whl", hash = "sha256:13a7c6e3df8aa453583412de5725bf761217d06f66ff4ed776d44fbcd13ec4e4"},
    {file = "zope.interface-5.5.1-cp38-cp38-win_amd64.whl", hash = "sha256:72a93445937cc71f0b8372b0c9e7c185328e0db5e94d06383a1cb56705df1df4"},
    {file = "zope.interface-5.5.1-cp39-cp39-macosx_10_15_x86_64.whl", hash = "sha256:6cb8f9a1db47017929634264b3fc7ea4c1a42a3e28d67a14f14aa7b71deaa0d2"},
    {file = "zope.interface-5.5.1-cp39-cp39-manylinux_2_17_aarch64.manylinux2014_aarch64.whl", hash = "sha256:3e5540b7d703774fd171b7a7dc2a3cb70e98fc273b8b260b1bf2f7d3928f125b"},
    {file = "zope.interface-5.5.1-cp39-cp39-manylinux_2_5_i686.manylinux1_i686.manylinux_2_12_i686.manylinux2010_i686.whl", hash = "sha256:d1f2d91c9c6cd54d750fa34f18bd73c71b372d0e6d06843bc7a5f21f5fd66fe0"},
    {file = "zope.interface-5.5.1-cp39-cp39-manylinux_2_5_x86_64.manylinux1_x86_64.manylinux_2_12_x86_64.manylinux2010_x86_64.whl", hash = "sha256:76cf472c79d15dce5f438a4905a1309be57d2d01bc1de2de30bda61972a79ab4"},
    {file = "zope.interface-5.5.1-cp39-cp39-win32.whl", hash = "sha256:509a8d39b64a5e8d473f3f3db981f3ca603d27d2bc023c482605c1b52ec15662"},
    {file = "zope.interface-5.5.1-cp39-cp39-win_amd64.whl", hash = "sha256:8343536ea4ee15d6525e3e726bb49ffc3f2034f828a49237a36be96842c06e7c"},
    {file = "zope.interface-5.5.1.tar.gz", hash = "sha256:6d678475fdeb11394dc9aaa5c564213a1567cc663082e0ee85d52f78d1fbaab2"},
]
